
Microsoft Visual Studio Solution File, Format Version 12.00
# Visual Studio Version 17
VisualStudioVersion = 17.4.33403.182
MinimumVisualStudioVersion = 10.0.40219.1
Project("{FAE04EC0-301F-11D3-BF4B-00C04F79EFBC}") = "TESTE Fibonacci", "TESTE Fibonacci\TESTE Fibonacci.csproj", "{2E38A088-D994-44C0-9120-105A686F2584}"
EndProject
Global
	GlobalSection(SolutionConfigurationPlatforms) = preSolution
		Debug|Any CPU = Debug|Any CPU
		Release|Any CPU = Release|Any CPU
	EndGlobalSection
	GlobalSection(ProjectConfigurationPlatforms) = postSolution
		{2E38A088-D994-44C0-9120-105A686F2584}.Debug|Any CPU.ActiveCfg = Debug|Any CPU
		{2E38A088-D994-44C0-9120-105A686F2584}.Debug|Any CPU.Build.0 = Debug|Any CPU
		{2E38A088-D994-44C0-9120-105A686F2584}.Release|Any CPU.ActiveCfg = Release|Any CPU
		{2E38A088-D994-44C0-9120-105A686F2584}.Release|Any CPU.Build.0 = Release|Any CPU
	EndGlobalSection
	GlobalSection(SolutionProperties) = preSolution
		HideSolutionNode = FALSE
	EndGlobalSection
	GlobalSection(ExtensibilityGlobals) = postSolution
		SolutionGuid = {D1455A7C-3325-49BF-BC34-FCE5DA08879B}
	EndGlobalSection
EndGlobal
